{
  "pins" : [
    {
      "identity" : "snapshottestingheic",
      "kind" : "remoteSourceControl",
      "location" : "https://github.com/alexey1312/SnapshotTestingHEIC.git",
      "state" : {
        "revision" : "cfdfdd431e3f7b272faa935fa0d1c1707839d443",
        "version" : "1.1.0"
      }
    },
    {
      "identity" : "swift-snapshot-testing",
      "kind" : "remoteSourceControl",
      "location" : "https://github.com/pointfreeco/swift-snapshot-testing.git",
      "state" : {
        "revision" : "f8a9c997c3c1dab4e216a8ec9014e23144cbab37",
        "version" : "1.9.0"
      }
    },
    {
      "identity" : "swift-snapshot-testing-stitch",
      "kind" : "remoteSourceControl",
      "location" : "https://github.com/Sherlouk/swift-snapshot-testing-stitch",
      "state" : {
        "revision" : "8e5e510f85127550f75b94523e727185b54d8749",
        "version" : "1.2.0"
      }
    }
  ],
  "version" : 2
}
