// !$*UTF8*$!
{
	archiveVersion = 1;
	classes = {
	};
	objectVersion = 52;
	objects = {

/* Begin PBXBuildFile section */
		771D696427E8067000825849 /* TimeCard.swift in Sources */ = {isa = PBXBuildFile; fileRef = 771D696327E8067000825849 /* TimeCard.swift */; };
		771D696727E8452000825849 /* TimeCardTests.swift in Sources */ = {isa = PBXBuildFile; fileRef = 771D696627E8451F00825849 /* TimeCardTests.swift */; };
		771D697627E9675000825849 /* CurrentTimeCardViewControllerSnapshotTests.swift in Sources */ = {isa = PBXBuildFile; fileRef = 771D697527E9675000825849 /* CurrentTimeCardViewControllerSnapshotTests.swift */; };
		771D697F27E9677C00825849 /* SnapshotTesting in Frameworks */ = {isa = PBXBuildFile; productRef = 771D697E27E9677C00825849 /* SnapshotTesting */; };
		771D698227E9679200825849 /* SnapKit in Frameworks */ = {isa = PBXBuildFile; productRef = 771D698127E9679200825849 /* SnapKit */; };
		771D698527E9682500825849 /* SnapshotTestingStitch in Frameworks */ = {isa = PBXBuildFile; productRef = 771D698427E9682500825849 /* SnapshotTestingStitch */; };
		771D698727E9742700825849 /* CodableView.swift in Sources */ = {isa = PBXBuildFile; fileRef = 771D698627E9742700825849 /* CodableView.swift */; };
		771D698A27E9745F00825849 /* UIViewExtension.swift in Sources */ = {isa = PBXBuildFile; fileRef = 771D698927E9745F00825849 /* UIViewExtension.swift */; };
		771D698C27E9751200825849 /* Helpers.swift in Sources */ = {isa = PBXBuildFile; fileRef = 771D698B27E9751200825849 /* Helpers.swift */; };
		7741368D27FA75E600545462 /* CurrentTimeCardView.swift in Sources */ = {isa = PBXBuildFile; fileRef = 7741368C27FA75E600545462 /* CurrentTimeCardView.swift */; };
		7741368F27FA858300545462 /* CurrentTimeCardViewController.swift in Sources */ = {isa = PBXBuildFile; fileRef = 7741368E27FA858300545462 /* CurrentTimeCardViewController.swift */; };
		777229BB285EB40E00878656 /* TimeCardHistoryViewController.swift in Sources */ = {isa = PBXBuildFile; fileRef = 777229BA285EB40E00878656 /* TimeCardHistoryViewController.swift */; };
		7791224927B9BA09008463AD /* Break.swift in Sources */ = {isa = PBXBuildFile; fileRef = 7791224827B9BA09008463AD /* Break.swift */; };
		7791224B27B9BBA5008463AD /* BreakTests.swift in Sources */ = {isa = PBXBuildFile; fileRef = 7791224A27B9BBA5008463AD /* BreakTests.swift */; };
		7791225127B9C257008463AD /* Constants.swift in Sources */ = {isa = PBXBuildFile; fileRef = 7791225027B9C257008463AD /* Constants.swift */; };
		7791225427B9C56E008463AD /* DateProvider.swift in Sources */ = {isa = PBXBuildFile; fileRef = 7791225327B9C56E008463AD /* DateProvider.swift */; };
		7791226A27B9C943008463AD /* MockDateProvider.swift in Sources */ = {isa = PBXBuildFile; fileRef = 7791224D27B9C0CC008463AD /* MockDateProvider.swift */; };
		7791787127B8D5E3008D13A0 /* AppDelegate.swift in Sources */ = {isa = PBXBuildFile; fileRef = 7791787027B8D5E3008D13A0 /* AppDelegate.swift */; };
		7791787327B8D5E3008D13A0 /* SceneDelegate.swift in Sources */ = {isa = PBXBuildFile; fileRef = 7791787227B8D5E3008D13A0 /* SceneDelegate.swift */; };
		7791787A27B8D5E6008D13A0 /* Assets.xcassets in Resources */ = {isa = PBXBuildFile; fileRef = 7791787927B8D5E6008D13A0 /* Assets.xcassets */; };
		7791787D27B8D5E6008D13A0 /* LaunchScreen.storyboard in Resources */ = {isa = PBXBuildFile; fileRef = 7791787B27B8D5E6008D13A0 /* LaunchScreen.storyboard */; };
		77F0642A2839DFAC00ACA76D /* MockDateProvider.swift in Sources */ = {isa = PBXBuildFile; fileRef = 7791224D27B9C0CC008463AD /* MockDateProvider.swift */; };
		77F0642C2839E29200ACA76D /* TimeCardDetailTableViewCell.swift in Sources */ = {isa = PBXBuildFile; fileRef = 77F0642B2839E29200ACA76D /* TimeCardDetailTableViewCell.swift */; };
		77F0642E2839E87C00ACA76D /* ViewImageConfigExtenstion.swift in Sources */ = {isa = PBXBuildFile; fileRef = 77F0642D2839E87C00ACA76D /* ViewImageConfigExtenstion.swift */; };
		77F06430283A018600ACA76D /* CommonFormatters.swift in Sources */ = {isa = PBXBuildFile; fileRef = 77F0642F283A018600ACA76D /* CommonFormatters.swift */; };
		77F06432283A079100ACA76D /* TimeCardRepository.swift in Sources */ = {isa = PBXBuildFile; fileRef = 77F06431283A079100ACA76D /* TimeCardRepository.swift */; };
		77F06434283A089E00ACA76D /* LocalTimeCardRepository.swift in Sources */ = {isa = PBXBuildFile; fileRef = 77F06433283A089E00ACA76D /* LocalTimeCardRepository.swift */; };
		77F06438283A134F00ACA76D /* DateExtension.swift in Sources */ = {isa = PBXBuildFile; fileRef = 77F06437283A134F00ACA76D /* DateExtension.swift */; };
		77F0643D283AC82800ACA76D /* LocalTimeCardRepositoryTests.swift in Sources */ = {isa = PBXBuildFile; fileRef = 77F0643C283AC82800ACA76D /* LocalTimeCardRepositoryTests.swift */; };
/* End PBXBuildFile section */

/* Begin PBXContainerItemProxy section */
		771D697827E9675000825849 /* PBXContainerItemProxy */ = {
			isa = PBXContainerItemProxy;
			containerPortal = 7791786527B8D5E3008D13A0 /* Project object */;
			proxyType = 1;
			remoteGlobalIDString = 7791786C27B8D5E3008D13A0;
			remoteInfo = "Ponto-MVC";
		};
		7791788427B8D5E7008D13A0 /* PBXContainerItemProxy */ = {
			isa = PBXContainerItemProxy;
			containerPortal = 7791786527B8D5E3008D13A0 /* Project object */;
			proxyType = 1;
			remoteGlobalIDString = 7791786C27B8D5E3008D13A0;
			remoteInfo = Ponto;
		};
/* End PBXContainerItemProxy section */

/* Begin PBXFileReference section */
		771D696327E8067000825849 /* TimeCard.swift */ = {isa = PBXFileReference; lastKnownFileType = sourcecode.swift; path = TimeCard.swift; sourceTree = "<group>"; };
		771D696627E8451F00825849 /* TimeCardTests.swift */ = {isa = PBXFileReference; lastKnownFileType = sourcecode.swift; path = TimeCardTests.swift; sourceTree = "<group>"; };
		771D697327E9675000825849 /* Ponto-MVCSnapshotTests.xctest */ = {isa = PBXFileReference; explicitFileType = wrapper.cfbundle; includeInIndex = 0; path = "Ponto-MVCSnapshotTests.xctest"; sourceTree = BUILT_PRODUCTS_DIR; };
		771D697527E9675000825849 /* CurrentTimeCardViewControllerSnapshotTests.swift */ = {isa = PBXFileReference; lastKnownFileType = sourcecode.swift; path = CurrentTimeCardViewControllerSnapshotTests.swift; sourceTree = "<group>"; };
		771D697727E9675000825849 /* Info.plist */ = {isa = PBXFileReference; lastKnownFileType = text.plist.xml; path = Info.plist; sourceTree = "<group>"; };
		771D698627E9742700825849 /* CodableView.swift */ = {isa = PBXFileReference; lastKnownFileType = sourcecode.swift; path = CodableView.swift; sourceTree = "<group>"; };
		771D698927E9745F00825849 /* UIViewExtension.swift */ = {isa = PBXFileReference; lastKnownFileType = sourcecode.swift; path = UIViewExtension.swift; sourceTree = "<group>"; };
		771D698B27E9751200825849 /* Helpers.swift */ = {isa = PBXFileReference; lastKnownFileType = sourcecode.swift; path = Helpers.swift; sourceTree = "<group>"; };
		7741368C27FA75E600545462 /* CurrentTimeCardView.swift */ = {isa = PBXFileReference; lastKnownFileType = sourcecode.swift; path = CurrentTimeCardView.swift; sourceTree = "<group>"; };
		7741368E27FA858300545462 /* CurrentTimeCardViewController.swift */ = {isa = PBXFileReference; lastKnownFileType = sourcecode.swift; path = CurrentTimeCardViewController.swift; sourceTree = "<group>"; };
		777229BA285EB40E00878656 /* TimeCardHistoryViewController.swift */ = {isa = PBXFileReference; lastKnownFileType = sourcecode.swift; path = TimeCardHistoryViewController.swift; sourceTree = "<group>"; };
		7791224827B9BA09008463AD /* Break.swift */ = {isa = PBXFileReference; lastKnownFileType = sourcecode.swift; path = Break.swift; sourceTree = "<group>"; };
		7791224A27B9BBA5008463AD /* BreakTests.swift */ = {isa = PBXFileReference; lastKnownFileType = sourcecode.swift; path = BreakTests.swift; sourceTree = "<group>"; };
		7791224D27B9C0CC008463AD /* MockDateProvider.swift */ = {isa = PBXFileReference; lastKnownFileType = sourcecode.swift; path = MockDateProvider.swift; sourceTree = "<group>"; };
		7791225027B9C257008463AD /* Constants.swift */ = {isa = PBXFileReference; lastKnownFileType = sourcecode.swift; path = Constants.swift; sourceTree = "<group>"; };
		7791225327B9C56E008463AD /* DateProvider.swift */ = {isa = PBXFileReference; lastKnownFileType = sourcecode.swift; path = DateProvider.swift; sourceTree = "<group>"; };
		7791786D27B8D5E3008D13A0 /* Ponto-MVC.app */ = {isa = PBXFileReference; explicitFileType = wrapper.application; includeInIndex = 0; path = "Ponto-MVC.app"; sourceTree = BUILT_PRODUCTS_DIR; };
		7791787027B8D5E3008D13A0 /* AppDelegate.swift */ = {isa = PBXFileReference; lastKnownFileType = sourcecode.swift; path = AppDelegate.swift; sourceTree = "<group>"; };
		7791787227B8D5E3008D13A0 /* SceneDelegate.swift */ = {isa = PBXFileReference; lastKnownFileType = sourcecode.swift; path = SceneDelegate.swift; sourceTree = "<group>"; };
		7791787927B8D5E6008D13A0 /* Assets.xcassets */ = {isa = PBXFileReference; lastKnownFileType = folder.assetcatalog; path = Assets.xcassets; sourceTree = "<group>"; };
		7791787C27B8D5E6008D13A0 /* Base */ = {isa = PBXFileReference; lastKnownFileType = file.storyboard; name = Base; path = Base.lproj/LaunchScreen.storyboard; sourceTree = "<group>"; };
		7791787E27B8D5E6008D13A0 /* Info.plist */ = {isa = PBXFileReference; lastKnownFileType = text.plist.xml; path = Info.plist; sourceTree = "<group>"; };
		7791788327B8D5E7008D13A0 /* Ponto-MVCTests.xctest */ = {isa = PBXFileReference; explicitFileType = wrapper.cfbundle; includeInIndex = 0; path = "Ponto-MVCTests.xctest"; sourceTree = BUILT_PRODUCTS_DIR; };
		7791788927B8D5E7008D13A0 /* Info.plist */ = {isa = PBXFileReference; lastKnownFileType = text.plist.xml; path = Info.plist; sourceTree = "<group>"; };
		77F0642B2839E29200ACA76D /* TimeCardDetailTableViewCell.swift */ = {isa = PBXFileReference; lastKnownFileType = sourcecode.swift; path = TimeCardDetailTableViewCell.swift; sourceTree = "<group>"; };
		77F0642D2839E87C00ACA76D /* ViewImageConfigExtenstion.swift */ = {isa = PBXFileReference; lastKnownFileType = sourcecode.swift; path = ViewImageConfigExtenstion.swift; sourceTree = "<group>"; };
		77F0642F283A018600ACA76D /* CommonFormatters.swift */ = {isa = PBXFileReference; lastKnownFileType = sourcecode.swift; path = CommonFormatters.swift; sourceTree = "<group>"; };
		77F06431283A079100ACA76D /* TimeCardRepository.swift */ = {isa = PBXFileReference; lastKnownFileType = sourcecode.swift; path = TimeCardRepository.swift; sourceTree = "<group>"; };
		77F06433283A089E00ACA76D /* LocalTimeCardRepository.swift */ = {isa = PBXFileReference; lastKnownFileType = sourcecode.swift; path = LocalTimeCardRepository.swift; sourceTree = "<group>"; };
		77F06437283A134F00ACA76D /* DateExtension.swift */ = {isa = PBXFileReference; lastKnownFileType = sourcecode.swift; path = DateExtension.swift; sourceTree = "<group>"; };
		77F0643C283AC82800ACA76D /* LocalTimeCardRepositoryTests.swift */ = {isa = PBXFileReference; lastKnownFileType = sourcecode.swift; path = LocalTimeCardRepositoryTests.swift; sourceTree = "<group>"; };
/* End PBXFileReference section */

/* Begin PBXFrameworksBuildPhase section */
		771D697027E9675000825849 /* Frameworks */ = {
			isa = PBXFrameworksBuildPhase;
			buildActionMask = 2147483647;
			files = (
				771D698527E9682500825849 /* SnapshotTestingStitch in Frameworks */,
				771D697F27E9677C00825849 /* SnapshotTesting in Frameworks */,
			);
			runOnlyForDeploymentPostprocessing = 0;
		};
		7791786A27B8D5E3008D13A0 /* Frameworks */ = {
			isa = PBXFrameworksBuildPhase;
			buildActionMask = 2147483647;
			files = (
				771D698227E9679200825849 /* SnapKit in Frameworks */,
			);
			runOnlyForDeploymentPostprocessing = 0;
		};
		7791788027B8D5E7008D13A0 /* Frameworks */ = {
			isa = PBXFrameworksBuildPhase;
			buildActionMask = 2147483647;
			files = (
			);
			runOnlyForDeploymentPostprocessing = 0;
		};
/* End PBXFrameworksBuildPhase section */

/* Begin PBXGroup section */
		771D696527E8069A00825849 /* Entities */ = {
			isa = PBXGroup;
			children = (
				7791224827B9BA09008463AD /* Break.swift */,
				771D696327E8067000825849 /* TimeCard.swift */,
			);
			path = Entities;
			sourceTree = "<group>";
		};
		771D697427E9675000825849 /* Ponto-MVCSnapshotTests */ = {
			isa = PBXGroup;
			children = (
				771D697727E9675000825849 /* Info.plist */,
				771D697527E9675000825849 /* CurrentTimeCardViewControllerSnapshotTests.swift */,
				771D698B27E9751200825849 /* Helpers.swift */,
				77F0642D2839E87C00ACA76D /* ViewImageConfigExtenstion.swift */,
			);
			path = "Ponto-MVCSnapshotTests";
			sourceTree = "<group>";
		};
		7791224127B9B775008463AD /* App */ = {
			isa = PBXGroup;
			children = (
				7791787E27B8D5E6008D13A0 /* Info.plist */,
				7791787027B8D5E3008D13A0 /* AppDelegate.swift */,
				7791787227B8D5E3008D13A0 /* SceneDelegate.swift */,
			);
			path = App;
			sourceTree = "<group>";
		};
		7791224227B9B779008463AD /* Resources */ = {
			isa = PBXGroup;
			children = (
				7791787927B8D5E6008D13A0 /* Assets.xcassets */,
			);
			path = Resources;
			sourceTree = "<group>";
		};
		7791224327B9B798008463AD /* Model */ = {
			isa = PBXGroup;
			children = (
				77F0642F283A018600ACA76D /* CommonFormatters.swift */,
				7791225027B9C257008463AD /* Constants.swift */,
				77F06437283A134F00ACA76D /* DateExtension.swift */,
				7791225327B9C56E008463AD /* DateProvider.swift */,
				771D696527E8069A00825849 /* Entities */,
				77F06436283A098F00ACA76D /* Repositories */,
			);
			path = Model;
			sourceTree = "<group>";
		};
		7791224427B9B79E008463AD /* View */ = {
			isa = PBXGroup;
			children = (
				771D698627E9742700825849 /* CodableView.swift */,
				7741368C27FA75E600545462 /* CurrentTimeCardView.swift */,
				77F0642B2839E29200ACA76D /* TimeCardDetailTableViewCell.swift */,
				771D698927E9745F00825849 /* UIViewExtension.swift */,
				7791787B27B8D5E6008D13A0 /* LaunchScreen.storyboard */,
			);
			path = View;
			sourceTree = "<group>";
		};
		7791224527B9B7A2008463AD /* Controller */ = {
			isa = PBXGroup;
			children = (
				7741368E27FA858300545462 /* CurrentTimeCardViewController.swift */,
				777229BA285EB40E00878656 /* TimeCardHistoryViewController.swift */,
			);
			path = Controller;
			sourceTree = "<group>";
		};
		7791224C27B9C0BF008463AD /* Mocks */ = {
			isa = PBXGroup;
			children = (
				7791224D27B9C0CC008463AD /* MockDateProvider.swift */,
			);
			path = Mocks;
			sourceTree = "<group>";
		};
		7791224F27B9C111008463AD /* Model */ = {
			isa = PBXGroup;
			children = (
				77F0643A283AC77700ACA76D /* Entities */,
				77F0643B283AC7E000ACA76D /* Repositories */,
			);
			path = Model;
			sourceTree = "<group>";
		};
		7791786427B8D5E3008D13A0 = {
			isa = PBXGroup;
			children = (
				7791786F27B8D5E3008D13A0 /* Ponto */,
				7791788627B8D5E7008D13A0 /* PontoTests */,
				771D697427E9675000825849 /* Ponto-MVCSnapshotTests */,
				7791786E27B8D5E3008D13A0 /* Products */,
			);
			sourceTree = "<group>";
		};
		7791786E27B8D5E3008D13A0 /* Products */ = {
			isa = PBXGroup;
			children = (
				7791786D27B8D5E3008D13A0 /* Ponto-MVC.app */,
				7791788327B8D5E7008D13A0 /* Ponto-MVCTests.xctest */,
				771D697327E9675000825849 /* Ponto-MVCSnapshotTests.xctest */,
			);
			name = Products;
			sourceTree = "<group>";
		};
		7791786F27B8D5E3008D13A0 /* Ponto */ = {
			isa = PBXGroup;
			children = (
				7791224127B9B775008463AD /* App */,
				7791224527B9B7A2008463AD /* Controller */,
				7791224327B9B798008463AD /* Model */,
				7791224227B9B779008463AD /* Resources */,
				7791224427B9B79E008463AD /* View */,
			);
			path = Ponto;
			sourceTree = "<group>";
		};
		7791788627B8D5E7008D13A0 /* PontoTests */ = {
			isa = PBXGroup;
			children = (
				7791788927B8D5E7008D13A0 /* Info.plist */,
				7791224C27B9C0BF008463AD /* Mocks */,
				7791224F27B9C111008463AD /* Model */,
			);
			path = PontoTests;
			sourceTree = "<group>";
		};
		77F06436283A098F00ACA76D /* Repositories */ = {
			isa = PBXGroup;
			children = (
				77F06433283A089E00ACA76D /* LocalTimeCardRepository.swift */,
				77F06431283A079100ACA76D /* TimeCardRepository.swift */,
			);
			path = Repositories;
			sourceTree = "<group>";
		};
		77F0643A283AC77700ACA76D /* Entities */ = {
			isa = PBXGroup;
			children = (
				7791224A27B9BBA5008463AD /* BreakTests.swift */,
				771D696627E8451F00825849 /* TimeCardTests.swift */,
			);
			path = Entities;
			sourceTree = "<group>";
		};
		77F0643B283AC7E000ACA76D /* Repositories */ = {
			isa = PBXGroup;
			children = (
				77F0643C283AC82800ACA76D /* LocalTimeCardRepositoryTests.swift */,
			);
			path = Repositories;
			sourceTree = "<group>";
		};
/* End PBXGroup section */

/* Begin PBXNativeTarget section */
		771D697227E9675000825849 /* Ponto-MVCSnapshotTests */ = {
			isa = PBXNativeTarget;
			buildConfigurationList = 771D697A27E9675000825849 /* Build configuration list for PBXNativeTarget "Ponto-MVCSnapshotTests" */;
			buildPhases = (
				771D696F27E9675000825849 /* Sources */,
				771D697027E9675000825849 /* Frameworks */,
				771D697127E9675000825849 /* Resources */,
			);
			buildRules = (
			);
			dependencies = (
				771D697927E9675000825849 /* PBXTargetDependency */,
			);
			name = "Ponto-MVCSnapshotTests";
			packageProductDependencies = (
				771D697E27E9677C00825849 /* SnapshotTesting */,
				771D698427E9682500825849 /* SnapshotTestingStitch */,
			);
			productName = "Ponto-MVCSnapshotTests";
			productReference = 771D697327E9675000825849 /* Ponto-MVCSnapshotTests.xctest */;
			productType = "com.apple.product-type.bundle.unit-test";
		};
		7791786C27B8D5E3008D13A0 /* Ponto-MVC */ = {
			isa = PBXNativeTarget;
			buildConfigurationList = 7791789727B8D5E7008D13A0 /* Build configuration list for PBXNativeTarget "Ponto-MVC" */;
			buildPhases = (
				7791786927B8D5E3008D13A0 /* Sources */,
				7791786A27B8D5E3008D13A0 /* Frameworks */,
				7791786B27B8D5E3008D13A0 /* Resources */,
				771F2566284856C800FC6154 /* Run SwiftLint */,
			);
			buildRules = (
			);
			dependencies = (
			);
			name = "Ponto-MVC";
			packageProductDependencies = (
				771D698127E9679200825849 /* SnapKit */,
			);
			productName = Ponto;
			productReference = 7791786D27B8D5E3008D13A0 /* Ponto-MVC.app */;
			productType = "com.apple.product-type.application";
		};
		7791788227B8D5E7008D13A0 /* Ponto-MVCTests */ = {
			isa = PBXNativeTarget;
			buildConfigurationList = 7791789A27B8D5E7008D13A0 /* Build configuration list for PBXNativeTarget "Ponto-MVCTests" */;
			buildPhases = (
				7791787F27B8D5E7008D13A0 /* Sources */,
				7791788027B8D5E7008D13A0 /* Frameworks */,
				7791788127B8D5E7008D13A0 /* Resources */,
			);
			buildRules = (
			);
			dependencies = (
				7791788527B8D5E7008D13A0 /* PBXTargetDependency */,
			);
			name = "Ponto-MVCTests";
			productName = PontoTests;
			productReference = 7791788327B8D5E7008D13A0 /* Ponto-MVCTests.xctest */;
			productType = "com.apple.product-type.bundle.unit-test";
		};
/* End PBXNativeTarget section */

/* Begin PBXProject section */
		7791786527B8D5E3008D13A0 /* Project object */ = {
			isa = PBXProject;
			attributes = {
				LastSwiftUpdateCheck = 1250;
				LastUpgradeCheck = 1250;
				TargetAttributes = {
					771D697227E9675000825849 = {
						CreatedOnToolsVersion = 12.5.1;
						TestTargetID = 7791786C27B8D5E3008D13A0;
					};
					7791786C27B8D5E3008D13A0 = {
						CreatedOnToolsVersion = 12.5.1;
					};
					7791788227B8D5E7008D13A0 = {
						CreatedOnToolsVersion = 12.5.1;
						TestTargetID = 7791786C27B8D5E3008D13A0;
					};
				};
			};
			buildConfigurationList = 7791786827B8D5E3008D13A0 /* Build configuration list for PBXProject "Ponto-MVC" */;
			compatibilityVersion = "Xcode 9.3";
			developmentRegion = en;
			hasScannedForEncodings = 0;
			knownRegions = (
				en,
				Base,
			);
			mainGroup = 7791786427B8D5E3008D13A0;
			packageReferences = (
				771D697D27E9677C00825849 /* XCRemoteSwiftPackageReference "swift-snapshot-testing" */,
				771D698027E9679200825849 /* XCRemoteSwiftPackageReference "SnapKit" */,
				771D698327E9682500825849 /* XCRemoteSwiftPackageReference "swift-snapshot-testing-stitch" */,
			);
			productRefGroup = 7791786E27B8D5E3008D13A0 /* Products */;
			projectDirPath = "";
			projectRoot = "";
			targets = (
				7791786C27B8D5E3008D13A0 /* Ponto-MVC */,
				7791788227B8D5E7008D13A0 /* Ponto-MVCTests */,
				771D697227E9675000825849 /* Ponto-MVCSnapshotTests */,
			);
		};
/* End PBXProject section */

/* Begin PBXResourcesBuildPhase section */
		771D697127E9675000825849 /* Resources */ = {
			isa = PBXResourcesBuildPhase;
			buildActionMask = 2147483647;
			files = (
			);
			runOnlyForDeploymentPostprocessing = 0;
		};
		7791786B27B8D5E3008D13A0 /* Resources */ = {
			isa = PBXResourcesBuildPhase;
			buildActionMask = 2147483647;
			files = (
				7791787D27B8D5E6008D13A0 /* LaunchScreen.storyboard in Resources */,
				7791787A27B8D5E6008D13A0 /* Assets.xcassets in Resources */,
			);
			runOnlyForDeploymentPostprocessing = 0;
		};
		7791788127B8D5E7008D13A0 /* Resources */ = {
			isa = PBXResourcesBuildPhase;
			buildActionMask = 2147483647;
			files = (
			);
			runOnlyForDeploymentPostprocessing = 0;
		};
/* End PBXResourcesBuildPhase section */

/* Begin PBXShellScriptBuildPhase section */
		771F2566284856C800FC6154 /* Run SwiftLint */ = {
			isa = PBXShellScriptBuildPhase;
			buildActionMask = 2147483647;
			files = (
			);
			inputFileListPaths = (
			);
			inputPaths = (
			);
			name = "Run SwiftLint";
			outputFileListPaths = (
			);
			outputPaths = (
			);
			runOnlyForDeploymentPostprocessing = 0;
			shellPath = /bin/sh;
			shellScript = "export PATH=\"$PATH:/opt/homebrew/bin\"\nif which swiftlint > /dev/null; then\n  swiftlint\nelse\n  echo \"warning: SwiftLint not installed, download from https://github.com/realm/SwiftLint\"\nfi\n";
		};
/* End PBXShellScriptBuildPhase section */

/* Begin PBXSourcesBuildPhase section */
		771D696F27E9675000825849 /* Sources */ = {
			isa = PBXSourcesBuildPhase;
			buildActionMask = 2147483647;
			files = (
				77F0642A2839DFAC00ACA76D /* MockDateProvider.swift in Sources */,
				771D697627E9675000825849 /* CurrentTimeCardViewControllerSnapshotTests.swift in Sources */,
				771D698C27E9751200825849 /* Helpers.swift in Sources */,
				77F0642E2839E87C00ACA76D /* ViewImageConfigExtenstion.swift in Sources */,
			);
			runOnlyForDeploymentPostprocessing = 0;
		};
		7791786927B8D5E3008D13A0 /* Sources */ = {
			isa = PBXSourcesBuildPhase;
			buildActionMask = 2147483647;
			files = (
				77F06434283A089E00ACA76D /* LocalTimeCardRepository.swift in Sources */,
				77F06438283A134F00ACA76D /* DateExtension.swift in Sources */,
				7741368D27FA75E600545462 /* CurrentTimeCardView.swift in Sources */,
				77F06430283A018600ACA76D /* CommonFormatters.swift in Sources */,
				7741368F27FA858300545462 /* CurrentTimeCardViewController.swift in Sources */,
				771D698A27E9745F00825849 /* UIViewExtension.swift in Sources */,
				771D696427E8067000825849 /* TimeCard.swift in Sources */,
				771D698727E9742700825849 /* CodableView.swift in Sources */,
				777229BB285EB40E00878656 /* TimeCardHistoryViewController.swift in Sources */,
				7791224927B9BA09008463AD /* Break.swift in Sources */,
				7791787127B8D5E3008D13A0 /* AppDelegate.swift in Sources */,
				7791225127B9C257008463AD /* Constants.swift in Sources */,
				77F06432283A079100ACA76D /* TimeCardRepository.swift in Sources */,
				7791225427B9C56E008463AD /* DateProvider.swift in Sources */,
				7791787327B8D5E3008D13A0 /* SceneDelegate.swift in Sources */,
				77F0642C2839E29200ACA76D /* TimeCardDetailTableViewCell.swift in Sources */,
			);
			runOnlyForDeploymentPostprocessing = 0;
		};
		7791787F27B8D5E7008D13A0 /* Sources */ = {
			isa = PBXSourcesBuildPhase;
			buildActionMask = 2147483647;
			files = (
				77F0643D283AC82800ACA76D /* LocalTimeCardRepositoryTests.swift in Sources */,
				7791226A27B9C943008463AD /* MockDateProvider.swift in Sources */,
				771D696727E8452000825849 /* TimeCardTests.swift in Sources */,
				7791224B27B9BBA5008463AD /* BreakTests.swift in Sources */,
			);
			runOnlyForDeploymentPostprocessing = 0;
		};
/* End PBXSourcesBuildPhase section */

/* Begin PBXTargetDependency section */
		771D697927E9675000825849 /* PBXTargetDependency */ = {
			isa = PBXTargetDependency;
			target = 7791786C27B8D5E3008D13A0 /* Ponto-MVC */;
			targetProxy = 771D697827E9675000825849 /* PBXContainerItemProxy */;
		};
		7791788527B8D5E7008D13A0 /* PBXTargetDependency */ = {
			isa = PBXTargetDependency;
			target = 7791786C27B8D5E3008D13A0 /* Ponto-MVC */;
			targetProxy = 7791788427B8D5E7008D13A0 /* PBXContainerItemProxy */;
		};
/* End PBXTargetDependency section */

/* Begin PBXVariantGroup section */
		7791787B27B8D5E6008D13A0 /* LaunchScreen.storyboard */ = {
			isa = PBXVariantGroup;
			children = (
				7791787C27B8D5E6008D13A0 /* Base */,
			);
			name = LaunchScreen.storyboard;
			sourceTree = "<group>";
		};
/* End PBXVariantGroup section */

/* Begin XCBuildConfiguration section */
		771D697B27E9675000825849 /* Debug */ = {
			isa = XCBuildConfiguration;
			buildSettings = {
				BUNDLE_LOADER = "$(TEST_HOST)";
				CODE_SIGN_STYLE = Automatic;
				DEVELOPMENT_TEAM = KZF3ZN3AUT;
				INFOPLIST_FILE = "Ponto-MVCSnapshotTests/Info.plist";
				LD_RUNPATH_SEARCH_PATHS = (
					"$(inherited)",
					"@executable_path/Frameworks",
					"@loader_path/Frameworks",
				);
				PRODUCT_BUNDLE_IDENTIFIER = "com.CarolinaLopes.Ponto-MVCSnapshotTests";
				PRODUCT_NAME = "$(TARGET_NAME)";
				SWIFT_VERSION = 5.0;
				TARGETED_DEVICE_FAMILY = "1,2";
				TEST_HOST = "$(BUILT_PRODUCTS_DIR)/Ponto-MVC.app/Ponto-MVC";
			};
			name = Debug;
		};
		771D697C27E9675000825849 /* Release */ = {
			isa = XCBuildConfiguration;
			buildSettings = {
				BUNDLE_LOADER = "$(TEST_HOST)";
				CODE_SIGN_STYLE = Automatic;
				DEVELOPMENT_TEAM = KZF3ZN3AUT;
				INFOPLIST_FILE = "Ponto-MVCSnapshotTests/Info.plist";
				LD_RUNPATH_SEARCH_PATHS = (
					"$(inherited)",
					"@executable_path/Frameworks",
					"@loader_path/Frameworks",
				);
				PRODUCT_BUNDLE_IDENTIFIER = "com.CarolinaLopes.Ponto-MVCSnapshotTests";
				PRODUCT_NAME = "$(TARGET_NAME)";
				SWIFT_VERSION = 5.0;
				TARGETED_DEVICE_FAMILY = "1,2";
				TEST_HOST = "$(BUILT_PRODUCTS_DIR)/Ponto-MVC.app/Ponto-MVC";
			};
			name = Release;
		};
		7791789527B8D5E7008D13A0 /* Debug */ = {
			isa = XCBuildConfiguration;
			buildSettings = {
				ALWAYS_SEARCH_USER_PATHS = NO;
				CLANG_ANALYZER_NONNULL = YES;
				CLANG_ANALYZER_NUMBER_OBJECT_CONVERSION = YES_AGGRESSIVE;
				CLANG_CXX_LANGUAGE_STANDARD = "gnu++14";
				CLANG_CXX_LIBRARY = "libc++";
				CLANG_ENABLE_MODULES = YES;
				CLANG_ENABLE_OBJC_ARC = YES;
				CLANG_ENABLE_OBJC_WEAK = YES;
				CLANG_WARN_BLOCK_CAPTURE_AUTORELEASING = YES;
				CLANG_WARN_BOOL_CONVERSION = YES;
				CLANG_WARN_COMMA = YES;
				CLANG_WARN_CONSTANT_CONVERSION = YES;
				CLANG_WARN_DEPRECATED_OBJC_IMPLEMENTATIONS = YES;
				CLANG_WARN_DIRECT_OBJC_ISA_USAGE = YES_ERROR;
				CLANG_WARN_DOCUMENTATION_COMMENTS = YES;
				CLANG_WARN_EMPTY_BODY = YES;
				CLANG_WARN_ENUM_CONVERSION = YES;
				CLANG_WARN_INFINITE_RECURSION = YES;
				CLANG_WARN_INT_CONVERSION = YES;
				CLANG_WARN_NON_LITERAL_NULL_CONVERSION = YES;
				CLANG_WARN_OBJC_IMPLICIT_RETAIN_SELF = YES;
				CLANG_WARN_OBJC_LITERAL_CONVERSION = YES;
				CLANG_WARN_OBJC_ROOT_CLASS = YES_ERROR;
				CLANG_WARN_QUOTED_INCLUDE_IN_FRAMEWORK_HEADER = YES;
				CLANG_WARN_RANGE_LOOP_ANALYSIS = YES;
				CLANG_WARN_STRICT_PROTOTYPES = YES;
				CLANG_WARN_SUSPICIOUS_MOVE = YES;
				CLANG_WARN_UNGUARDED_AVAILABILITY = YES_AGGRESSIVE;
				CLANG_WARN_UNREACHABLE_CODE = YES;
				CLANG_WARN__DUPLICATE_METHOD_MATCH = YES;
				COPY_PHASE_STRIP = NO;
				DEBUG_INFORMATION_FORMAT = dwarf;
				ENABLE_STRICT_OBJC_MSGSEND = YES;
				ENABLE_TESTABILITY = YES;
				GCC_C_LANGUAGE_STANDARD = gnu11;
				GCC_DYNAMIC_NO_PIC = NO;
				GCC_NO_COMMON_BLOCKS = YES;
				GCC_OPTIMIZATION_LEVEL = 0;
				GCC_PREPROCESSOR_DEFINITIONS = (
					"DEBUG=1",
					"$(inherited)",
				);
				GCC_WARN_64_TO_32_BIT_CONVERSION = YES;
				GCC_WARN_ABOUT_RETURN_TYPE = YES_ERROR;
				GCC_WARN_UNDECLARED_SELECTOR = YES;
				GCC_WARN_UNINITIALIZED_AUTOS = YES_AGGRESSIVE;
				GCC_WARN_UNUSED_FUNCTION = YES;
				GCC_WARN_UNUSED_VARIABLE = YES;
				IPHONEOS_DEPLOYMENT_TARGET = 14.5;
				MTL_ENABLE_DEBUG_INFO = INCLUDE_SOURCE;
				MTL_FAST_MATH = YES;
				ONLY_ACTIVE_ARCH = YES;
				SDKROOT = iphoneos;
				SWIFT_ACTIVE_COMPILATION_CONDITIONS = DEBUG;
				SWIFT_OPTIMIZATION_LEVEL = "-Onone";
			};
			name = Debug;
		};
		7791789627B8D5E7008D13A0 /* Release */ = {
			isa = XCBuildConfiguration;
			buildSettings = {
				ALWAYS_SEARCH_USER_PATHS = NO;
				CLANG_ANALYZER_NONNULL = YES;
				CLANG_ANALYZER_NUMBER_OBJECT_CONVERSION = YES_AGGRESSIVE;
				CLANG_CXX_LANGUAGE_STANDARD = "gnu++14";
				CLANG_CXX_LIBRARY = "libc++";
				CLANG_ENABLE_MODULES = YES;
				CLANG_ENABLE_OBJC_ARC = YES;
				CLANG_ENABLE_OBJC_WEAK = YES;
				CLANG_WARN_BLOCK_CAPTURE_AUTORELEASING = YES;
				CLANG_WARN_BOOL_CONVERSION = YES;
				CLANG_WARN_COMMA = YES;
				CLANG_WARN_CONSTANT_CONVERSION = YES;
				CLANG_WARN_DEPRECATED_OBJC_IMPLEMENTATIONS = YES;
				CLANG_WARN_DIRECT_OBJC_ISA_USAGE = YES_ERROR;
				CLANG_WARN_DOCUMENTATION_COMMENTS = YES;
				CLANG_WARN_EMPTY_BODY = YES;
				CLANG_WARN_ENUM_CONVERSION = YES;
				CLANG_WARN_INFINITE_RECURSION = YES;
				CLANG_WARN_INT_CONVERSION = YES;
				CLANG_WARN_NON_LITERAL_NULL_CONVERSION = YES;
				CLANG_WARN_OBJC_IMPLICIT_RETAIN_SELF = YES;
				CLANG_WARN_OBJC_LITERAL_CONVERSION = YES;
				CLANG_WARN_OBJC_ROOT_CLASS = YES_ERROR;
				CLANG_WARN_QUOTED_INCLUDE_IN_FRAMEWORK_HEADER = YES;
				CLANG_WARN_RANGE_LOOP_ANALYSIS = YES;
				CLANG_WARN_STRICT_PROTOTYPES = YES;
				CLANG_WARN_SUSPICIOUS_MOVE = YES;
				CLANG_WARN_UNGUARDED_AVAILABILITY = YES_AGGRESSIVE;
				CLANG_WARN_UNREACHABLE_CODE = YES;
				CLANG_WARN__DUPLICATE_METHOD_MATCH = YES;
				COPY_PHASE_STRIP = NO;
				DEBUG_INFORMATION_FORMAT = "dwarf-with-dsym";
				ENABLE_NS_ASSERTIONS = NO;
				ENABLE_STRICT_OBJC_MSGSEND = YES;
				GCC_C_LANGUAGE_STANDARD = gnu11;
				GCC_NO_COMMON_BLOCKS = YES;
				GCC_WARN_64_TO_32_BIT_CONVERSION = YES;
				GCC_WARN_ABOUT_RETURN_TYPE = YES_ERROR;
				GCC_WARN_UNDECLARED_SELECTOR = YES;
				GCC_WARN_UNINITIALIZED_AUTOS = YES_AGGRESSIVE;
				GCC_WARN_UNUSED_FUNCTION = YES;
				GCC_WARN_UNUSED_VARIABLE = YES;
				IPHONEOS_DEPLOYMENT_TARGET = 14.5;
				MTL_ENABLE_DEBUG_INFO = NO;
				MTL_FAST_MATH = YES;
				SDKROOT = iphoneos;
				SWIFT_COMPILATION_MODE = wholemodule;
				SWIFT_OPTIMIZATION_LEVEL = "-O";
				VALIDATE_PRODUCT = YES;
			};
			name = Release;
		};
		7791789827B8D5E7008D13A0 /* Debug */ = {
			isa = XCBuildConfiguration;
			buildSettings = {
				ASSETCATALOG_COMPILER_APPICON_NAME = AppIcon;
				ASSETCATALOG_COMPILER_GLOBAL_ACCENT_COLOR_NAME = AccentColor;
				CODE_SIGN_STYLE = Automatic;
				DEVELOPMENT_TEAM = KZF3ZN3AUT;
				INFOPLIST_FILE = "$(SRCROOT)/Ponto/App/Info.plist";
				IPHONEOS_DEPLOYMENT_TARGET = 14.1;
				LD_RUNPATH_SEARCH_PATHS = (
					"$(inherited)",
					"@executable_path/Frameworks",
				);
				PRODUCT_BUNDLE_IDENTIFIER = com.CarolinaL.Ponto;
				PRODUCT_NAME = "$(TARGET_NAME)";
				SWIFT_VERSION = 5.0;
				TARGETED_DEVICE_FAMILY = "1,2";
			};
			name = Debug;
		};
		7791789927B8D5E7008D13A0 /* Release */ = {
			isa = XCBuildConfiguration;
			buildSettings = {
				ASSETCATALOG_COMPILER_APPICON_NAME = AppIcon;
				ASSETCATALOG_COMPILER_GLOBAL_ACCENT_COLOR_NAME = AccentColor;
				CODE_SIGN_STYLE = Automatic;
				DEVELOPMENT_TEAM = KZF3ZN3AUT;
				INFOPLIST_FILE = "$(SRCROOT)/Ponto/App/Info.plist";
				IPHONEOS_DEPLOYMENT_TARGET = 14.1;
				LD_RUNPATH_SEARCH_PATHS = (
					"$(inherited)",
					"@executable_path/Frameworks",
				);
				PRODUCT_BUNDLE_IDENTIFIER = com.CarolinaL.Ponto;
				PRODUCT_NAME = "$(TARGET_NAME)";
				SWIFT_VERSION = 5.0;
				TARGETED_DEVICE_FAMILY = "1,2";
			};
			name = Release;
		};
		7791789B27B8D5E7008D13A0 /* Debug */ = {
			isa = XCBuildConfiguration;
			buildSettings = {
				ALWAYS_EMBED_SWIFT_STANDARD_LIBRARIES = YES;
				BUNDLE_LOADER = "$(TEST_HOST)";
				CODE_SIGN_STYLE = Automatic;
				DEVELOPMENT_TEAM = KZF3ZN3AUT;
				INFOPLIST_FILE = PontoTests/Info.plist;
				IPHONEOS_DEPLOYMENT_TARGET = 14.5;
				LD_RUNPATH_SEARCH_PATHS = (
					"$(inherited)",
					"@executable_path/Frameworks",
					"@loader_path/Frameworks",
				);
				PRODUCT_BUNDLE_IDENTIFIER = com.CarolinaLopes.PontoTests;
				PRODUCT_NAME = "$(TARGET_NAME)";
				SWIFT_VERSION = 5.0;
				TARGETED_DEVICE_FAMILY = "1,2";
				TEST_HOST = "$(BUILT_PRODUCTS_DIR)/Ponto-MVC.app/Ponto-MVC";
			};
			name = Debug;
		};
		7791789C27B8D5E7008D13A0 /* Release */ = {
			isa = XCBuildConfiguration;
			buildSettings = {
				ALWAYS_EMBED_SWIFT_STANDARD_LIBRARIES = YES;
				BUNDLE_LOADER = "$(TEST_HOST)";
				CODE_SIGN_STYLE = Automatic;
				DEVELOPMENT_TEAM = KZF3ZN3AUT;
				INFOPLIST_FILE = PontoTests/Info.plist;
				IPHONEOS_DEPLOYMENT_TARGET = 14.5;
				LD_RUNPATH_SEARCH_PATHS = (
					"$(inherited)",
					"@executable_path/Frameworks",
					"@loader_path/Frameworks",
				);
				PRODUCT_BUNDLE_IDENTIFIER = com.CarolinaLopes.PontoTests;
				PRODUCT_NAME = "$(TARGET_NAME)";
				SWIFT_VERSION = 5.0;
				TARGETED_DEVICE_FAMILY = "1,2";
				TEST_HOST = "$(BUILT_PRODUCTS_DIR)/Ponto-MVC.app/Ponto-MVC";
			};
			name = Release;
		};
/* End XCBuildConfiguration section */

/* Begin XCConfigurationList section */
		771D697A27E9675000825849 /* Build configuration list for PBXNativeTarget "Ponto-MVCSnapshotTests" */ = {
			isa = XCConfigurationList;
			buildConfigurations = (
				771D697B27E9675000825849 /* Debug */,
				771D697C27E9675000825849 /* Release */,
			);
			defaultConfigurationIsVisible = 0;
			defaultConfigurationName = Release;
		};
		7791786827B8D5E3008D13A0 /* Build configuration list for PBXProject "Ponto-MVC" */ = {
			isa = XCConfigurationList;
			buildConfigurations = (
				7791789527B8D5E7008D13A0 /* Debug */,
				7791789627B8D5E7008D13A0 /* Release */,
			);
			defaultConfigurationIsVisible = 0;
			defaultConfigurationName = Release;
		};
		7791789727B8D5E7008D13A0 /* Build configuration list for PBXNativeTarget "Ponto-MVC" */ = {
			isa = XCConfigurationList;
			buildConfigurations = (
				7791789827B8D5E7008D13A0 /* Debug */,
				7791789927B8D5E7008D13A0 /* Release */,
			);
			defaultConfigurationIsVisible = 0;
			defaultConfigurationName = Release;
		};
		7791789A27B8D5E7008D13A0 /* Build configuration list for PBXNativeTarget "Ponto-MVCTests" */ = {
			isa = XCConfigurationList;
			buildConfigurations = (
				7791789B27B8D5E7008D13A0 /* Debug */,
				7791789C27B8D5E7008D13A0 /* Release */,
			);
			defaultConfigurationIsVisible = 0;
			defaultConfigurationName = Release;
		};
/* End XCConfigurationList section */

/* Begin XCRemoteSwiftPackageReference section */
		771D697D27E9677C00825849 /* XCRemoteSwiftPackageReference "swift-snapshot-testing" */ = {
			isa = XCRemoteSwiftPackageReference;
			repositoryURL = "https://github.com/pointfreeco/swift-snapshot-testing.git";
			requirement = {
				kind = upToNextMajorVersion;
				minimumVersion = 1.9.0;
			};
		};
		771D698027E9679200825849 /* XCRemoteSwiftPackageReference "SnapKit" */ = {
			isa = XCRemoteSwiftPackageReference;
			repositoryURL = "https://github.com/SnapKit/SnapKit.git";
			requirement = {
				kind = upToNextMajorVersion;
				minimumVersion = 5.0.1;
			};
		};
		771D698327E9682500825849 /* XCRemoteSwiftPackageReference "swift-snapshot-testing-stitch" */ = {
			isa = XCRemoteSwiftPackageReference;
			repositoryURL = "https://github.com/Sherlouk/swift-snapshot-testing-stitch";
			requirement = {
				kind = upToNextMajorVersion;
				minimumVersion = 1.0.0;
			};
		};
/* End XCRemoteSwiftPackageReference section */

/* Begin XCSwiftPackageProductDependency section */
		771D697E27E9677C00825849 /* SnapshotTesting */ = {
			isa = XCSwiftPackageProductDependency;
			package = 771D697D27E9677C00825849 /* XCRemoteSwiftPackageReference "swift-snapshot-testing" */;
			productName = SnapshotTesting;
		};
		771D698127E9679200825849 /* SnapKit */ = {
			isa = XCSwiftPackageProductDependency;
			package = 771D698027E9679200825849 /* XCRemoteSwiftPackageReference "SnapKit" */;
			productName = SnapKit;
		};
		771D698427E9682500825849 /* SnapshotTestingStitch */ = {
			isa = XCSwiftPackageProductDependency;
			package = 771D698327E9682500825849 /* XCRemoteSwiftPackageReference "swift-snapshot-testing-stitch" */;
			productName = SnapshotTestingStitch;
		};
/* End XCSwiftPackageProductDependency section */
	};
	rootObject = 7791786527B8D5E3008D13A0 /* Project object */;
}
